// !$*UTF8*$!
{
	archiveVersion = 1;
	classes = {
	};
	objectVersion = 50;
	objects = {

/* Begin PBXBuildFile section */
		642D58B422665E2A001E7BDA /* AppDelegate.swift in Sources */ = {isa = PBXBuildFile; fileRef = 642D58B322665E2A001E7BDA /* AppDelegate.swift */; };
		642D58B622665E2A001E7BDA /* ViewController.swift in Sources */ = {isa = PBXBuildFile; fileRef = 642D58B522665E2A001E7BDA /* ViewController.swift */; };
		642D58B922665E2A001E7BDA /* Main.storyboard in Resources */ = {isa = PBXBuildFile; fileRef = 642D58B722665E2A001E7BDA /* Main.storyboard */; };
		642D58BB22665E2A001E7BDA /* Assets.xcassets in Resources */ = {isa = PBXBuildFile; fileRef = 642D58BA22665E2A001E7BDA /* Assets.xcassets */; };
		642D58BE22665E2A001E7BDA /* LaunchScreen.storyboard in Resources */ = {isa = PBXBuildFile; fileRef = 642D58BC22665E2A001E7BDA /* LaunchScreen.storyboard */; };
/* End PBXBuildFile section */

/* Begin PBXFileReference section */
		642D58B022665E2A001E7BDA /* Desestabilizadores.app */ = {isa = PBXFileReference; explicitFileType = wrapper.application; includeInIndex = 0; path = Desestabilizadores.app; sourceTree = BUILT_PRODUCTS_DIR; };
		642D58B322665E2A001E7BDA /* AppDelegate.swift */ = {isa = PBXFileReference; lastKnownFileType = sourcecode.swift; path = AppDelegate.swift; sourceTree = "<group>"; };
		642D58B522665E2A001E7BDA /* ViewController.swift */ = {isa = PBXFileReference; lastKnownFileType = sourcecode.swift; path = ViewController.swift; sourceTree = "<group>"; };
		642D58B822665E2A001E7BDA /* Base */ = {isa = PBXFileReference; lastKnownFileType = file.storyboard; name = Base; path = Base.lproj/Main.storyboard; sourceTree = "<group>"; };
		642D58BA22665E2A001E7BDA /* Assets.xcassets */ = {isa = PBXFileReference; lastKnownFileType = folder.assetcatalog; path = Assets.xcassets; sourceTree = "<group>"; };
		642D58BD22665E2A001E7BDA /* Base */ = {isa = PBXFileReference; lastKnownFileType = file.storyboard; name = Base; path = Base.lproj/LaunchScreen.storyboard; sourceTree = "<group>"; };
		642D58BF22665E2A001E7BDA /* Info.plist */ = {isa = PBXFileReference; lastKnownFileType = text.plist.xml; path = Info.plist; sourceTree = "<group>"; };
/* End PBXFileReference section */

/* Begin PBXFrameworksBuildPhase section */
		642D58AD22665E2A001E7BDA /* Frameworks */ = {
			isa = PBXFrameworksBuildPhase;
			buildActionMask = 2147483647;
			files = (
			);
			runOnlyForDeploymentPostprocessing = 0;
		};
/* End PBXFrameworksBuildPhase section */

/* Begin PBXGroup section */
		642D58A722665E2A001E7BDA = {
			isa = PBXGroup;
			children = (
				642D58B222665E2A001E7BDA /* Desestabilizadores */,
				642D58B122665E2A001E7BDA /* Products */,
			);
			sourceTree = "<group>";
		};
		642D58B122665E2A001E7BDA /* Products */ = {
			isa = PBXGroup;
			children = (
				642D58B022665E2A001E7BDA /* Desestabilizadores.app */,
			);
			name = Products;
			sourceTree = "<group>";
		};
		642D58B222665E2A001E7BDA /* Desestabilizadores */ = {
			isa = PBXGroup;
			children = (
				642D58B322665E2A001E7BDA /* AppDelegate.swift */,
				642D58B522665E2A001E7BDA /* ViewController.swift */,
				642D58B722665E2A001E7BDA /* Main.storyboard */,
				642D58BA22665E2A001E7BDA /* Assets.xcassets */,
				642D58BC22665E2A001E7BDA /* LaunchScreen.storyboard */,
				642D58BF22665E2A001E7BDA /* Info.plist */,
			);
			path = Desestabilizadores;
			sourceTree = "<group>";
		};
/* End PBXGroup section */

/* Begin PBXNativeTarget section */
		642D58AF22665E2A001E7BDA /* Desestabilizadores */ = {
			isa = PBXNativeTarget;
			buildConfigurationList = 642D58C222665E2A001E7BDA /* Build configuration list for PBXNativeTarget "Desestabilizadores" */;
			buildPhases = (
				642D58AC22665E2A001E7BDA /* Sources */,
				642D58AD22665E2A001E7BDA /* Frameworks */,
				642D58AE22665E2A001E7BDA /* Resources */,
			);
			buildRules = (
			);
			dependencies = (
			);
			name = Desestabilizadores;
			productName = Desestabilizadores;
			productReference = 642D58B022665E2A001E7BDA /* Desestabilizadores.app */;
			productType = "com.apple.product-type.application";
		};
/* End PBXNativeTarget section */

/* Begin PBXProject section */
		642D58A822665E2A001E7BDA /* Project object */ = {
			isa = PBXProject;
			attributes = {
				LastSwiftUpdateCheck = 1020;
				LastUpgradeCheck = 1020;
				ORGANIZATIONNAME = "Paula Torales Leite";
				TargetAttributes = {
					642D58AF22665E2A001E7BDA = {
						CreatedOnToolsVersion = 10.2;
					};
				};
			};
			buildConfigurationList = 642D58AB22665E2A001E7BDA /* Build configuration list for PBXProject "Desestabilizadores" */;
			compatibilityVersion = "Xcode 9.3";
			developmentRegion = en;
			hasScannedForEncodings = 0;
			knownRegions = (
				en,
				Base,
			);
			mainGroup = 642D58A722665E2A001E7BDA;
			productRefGroup = 642D58B122665E2A001E7BDA /* Products */;
			projectDirPath = "";
			projectRoot = "";
			targets = (
				642D58AF22665E2A001E7BDA /* Desestabilizadores */,
			);
		};
/* End PBXProject section */

/* Begin PBXResourcesBuildPhase section */
		642D58AE22665E2A001E7BDA /* Resources */ = {
			isa = PBXResourcesBuildPhase;
			buildActionMask = 2147483647;
			files = (
				642D58BE22665E2A001E7BDA /* LaunchScreen.storyboard in Resources */,
				642D58BB22665E2A001E7BDA /* Assets.xcassets in Resources */,
				642D58B922665E2A001E7BDA /* Main.storyboard in Resources */,
			);
			runOnlyForDeploymentPostprocessing = 0;
		};
/* End PBXResourcesBuildPhase section */

/* Begin PBXSourcesBuildPhase section */
		642D58AC22665E2A001E7BDA /* Sources */ = {
			isa = PBXSourcesBuildPhase;
			buildActionMask = 2147483647;
			files = (
				642D58B622665E2A001E7BDA /* ViewController.swift in Sources */,
				642D58B422665E2A001E7BDA /* AppDelegate.swift in Sources */,
			);
			runOnlyForDeploymentPostprocessing = 0;
		};
/* End PBXSourcesBuildPhase section */

/* Begin PBXVariantGroup section */
		642D58B722665E2A001E7BDA /* Main.storyboard */ = {
			isa = PBXVariantGroup;
			children = (
				642D58B822665E2A001E7BDA /* Base */,
			);
			name = Main.storyboard;
			sourceTree = "<group>";
		};
		642D58BC22665E2A001E7BDA /* LaunchScreen.storyboard */ = {
			isa = PBXVariantGroup;
			children = (
				642D58BD22665E2A001E7BDA /* Base */,
			);
			name = LaunchScreen.storyboard;
			sourceTree = "<group>";
		};
/* End PBXVariantGroup section */

/* Begin XCBuildConfiguration section */
		642D58C022665E2A001E7BDA /* Debug */ = {
			isa = XCBuildConfiguration;
			buildSettings = {
				ALWAYS_SEARCH_USER_PATHS = NO;
				CLANG_ANALYZER_NONNULL = YES;
				CLANG_ANALYZER_NUMBER_OBJECT_CONVERSION = YES_AGGRESSIVE;
				CLANG_CXX_LANGUAGE_STANDARD = "gnu++14";
				CLANG_CXX_LIBRARY = "libc++";
				CLANG_ENABLE_MODULES = YES;
				CLANG_ENABLE_OBJC_ARC = YES;
				CLANG_ENABLE_OBJC_WEAK = YES;
				CLANG_WARN_BLOCK_CAPTURE_AUTORELEASING = YES;
				CLANG_WARN_BOOL_CONVERSION = YES;
				CLANG_WARN_COMMA = YES;
				CLANG_WARN_CONSTANT_CONVERSION = YES;
				CLANG_WARN_DEPRECATED_OBJC_IMPLEMENTATIONS = YES;
				CLANG_WARN_DIRECT_OBJC_ISA_USAGE = YES_ERROR;
				CLANG_WARN_DOCUMENTATION_COMMENTS = YES;
				CLANG_WARN_EMPTY_BODY = YES;
				CLANG_WARN_ENUM_CONVERSION = YES;
				CLANG_WARN_INFINITE_RECURSION = YES;
				CLANG_WARN_INT_CONVERSION = YES;
				CLANG_WARN_NON_LITERAL_NULL_CONVERSION = YES;
				CLANG_WARN_OBJC_IMPLICIT_RETAIN_SELF = YES;
				CLANG_WARN_OBJC_LITERAL_CONVERSION = YES;
				CLANG_WARN_OBJC_ROOT_CLASS = YES_ERROR;
				CLANG_WARN_RANGE_LOOP_ANALYSIS = YES;
				CLANG_WARN_STRICT_PROTOTYPES = YES;
				CLANG_WARN_SUSPICIOUS_MOVE = YES;
				CLANG_WARN_UNGUARDED_AVAILABILITY = YES_AGGRESSIVE;
				CLANG_WARN_UNREACHABLE_CODE = YES;
				CLANG_WARN__DUPLICATE_METHOD_MATCH = YES;
				CODE_SIGN_IDENTITY = "iPhone Developer";
				COPY_PHASE_STRIP = NO;
				DEBUG_INFORMATION_FORMAT = dwarf;
				ENABLE_STRICT_OBJC_MSGSEND = YES;
				ENABLE_TESTABILITY = YES;
				GCC_C_LANGUAGE_STANDARD = gnu11;
				GCC_DYNAMIC_NO_PIC = NO;
				GCC_NO_COMMON_BLOCKS = YES;
				GCC_OPTIMIZATION_LEVEL = 0;
				GCC_PREPROCESSOR_DEFINITIONS = (
					"DEBUG=1",
					"$(inherited)",
				);
				GCC_WARN_64_TO_32_BIT_CONVERSION = YES;
				GCC_WARN_ABOUT_RETURN_TYPE = YES_ERROR;
				GCC_WARN_UNDECLARED_SELECTOR = YES;
				GCC_WARN_UNINITIALIZED_AUTOS = YES_AGGRESSIVE;
				GCC_WARN_UNUSED_FUNCTION = YES;
				GCC_WARN_UNUSED_VARIABLE = YES;
				IPHONEOS_DEPLOYMENT_TARGET = 12.2;
				MTL_ENABLE_DEBUG_INFO = INCLUDE_SOURCE;
				MTL_FAST_MATH = YES;
				ONLY_ACTIVE_ARCH = YES;
				SDKROOT = iphoneos;
				SWIFT_ACTIVE_COMPILATION_CONDITIONS = DEBUG;
				SWIFT_OPTIMIZATION_LEVEL = "-Onone";
			};
			name = Debug;
		};
		642D58C122665E2A001E7BDA /* Release */ = {
			isa = XCBuildConfiguration;
			buildSettings = {
				ALWAYS_SEARCH_USER_PATHS = NO;
				CLANG_ANALYZER_NONNULL = YES;
				CLANG_ANALYZER_NUMBER_OBJECT_CONVERSION = YES_AGGRESSIVE;
				CLANG_CXX_LANGUAGE_STANDARD = "gnu++14";
				CLANG_CXX_LIBRARY = "libc++";
				CLANG_ENABLE_MODULES = YES;
				CLANG_ENABLE_OBJC_ARC = YES;
				CLANG_ENABLE_OBJC_WEAK = YES;
				CLANG_WARN_BLOCK_CAPTURE_AUTORELEASING = YES;
				CLANG_WARN_BOOL_CONVERSION = YES;
				CLANG_WARN_COMMA = YES;
				CLANG_WARN_CONSTANT_CONVERSION = YES;
				CLANG_WARN_DEPRECATED_OBJC_IMPLEMENTATIONS = YES;
				CLANG_WARN_DIRECT_OBJC_ISA_USAGE = YES_ERROR;
				CLANG_WARN_DOCUMENTATION_COMMENTS = YES;
				CLANG_WARN_EMPTY_BODY = YES;
				CLANG_WARN_ENUM_CONVERSION = YES;
				CLANG_WARN_INFINITE_RECURSION = YES;
				CLANG_WARN_INT_CONVERSION = YES;
				CLANG_WARN_NON_LITERAL_NULL_CONVERSION = YES;
				CLANG_WARN_OBJC_IMPLICIT_RETAIN_SELF = YES;
				CLANG_WARN_OBJC_LITERAL_CONVERSION = YES;
				CLANG_WARN_OBJC_ROOT_CLASS = YES_ERROR;
				CLANG_WARN_RANGE_LOOP_ANALYSIS = YES;
				CLANG_WARN_STRICT_PROTOTYPES = YES;
				CLANG_WARN_SUSPICIOUS_MOVE = YES;
				CLANG_WARN_UNGUARDED_AVAILABILITY = YES_AGGRESSIVE;
				CLANG_WARN_UNREACHABLE_CODE = YES;
				CLANG_WARN__DUPLICATE_METHOD_MATCH = YES;
				CODE_SIGN_IDENTITY = "iPhone Developer";
				COPY_PHASE_STRIP = NO;
				DEBUG_INFORMATION_FORMAT = "dwarf-with-dsym";
				ENABLE_NS_ASSERTIONS = NO;
				ENABLE_STRICT_OBJC_MSGSEND = YES;
				GCC_C_LANGUAGE_STANDARD = gnu11;
				GCC_NO_COMMON_BLOCKS = YES;
				GCC_WARN_64_TO_32_BIT_CONVERSION = YES;
				GCC_WARN_ABOUT_RETURN_TYPE = YES_ERROR;
				GCC_WARN_UNDECLARED_SELECTOR = YES;
				GCC_WARN_UNINITIALIZED_AUTOS = YES_AGGRESSIVE;
				GCC_WARN_UNUSED_FUNCTION = YES;
				GCC_WARN_UNUSED_VARIABLE = YES;
				IPHONEOS_DEPLOYMENT_TARGET = 12.2;
				MTL_ENABLE_DEBUG_INFO = NO;
				MTL_FAST_MATH = YES;
				SDKROOT = iphoneos;
				SWIFT_COMPILATION_MODE = wholemodule;
				SWIFT_OPTIMIZATION_LEVEL = "-O";
				VALIDATE_PRODUCT = YES;
			};
			name = Release;
		};
		642D58C322665E2A001E7BDA /* Debug */ = {
			isa = XCBuildConfiguration;
			buildSettings = {
				ASSETCATALOG_COMPILER_APPICON_NAME = AppIcon;
				CODE_SIGN_STYLE = Automatic;
				DEVELOPMENT_TEAM = X54K5PJVGU;
				INFOPLIST_FILE = Desestabilizadores/Info.plist;
				LD_RUNPATH_SEARCH_PATHS = (
					"$(inherited)",
					"@executable_path/Frameworks",
				);
				PRODUCT_BUNDLE_IDENTIFIER = PTL.Desestabilizadores;
				PRODUCT_NAME = "$(TARGET_NAME)";
				SWIFT_VERSION = 5.0;
				TARGETED_DEVICE_FAMILY = "1,2";
			};
			name = Debug;
		};
		642D58C422665E2A001E7BDA /* Release */ = {
			isa = XCBuildConfiguration;
			buildSettings = {
				ASSETCATALOG_COMPILER_APPICON_NAME = AppIcon;
				CODE_SIGN_STYLE = Automatic;
				DEVELOPMENT_TEAM = X54K5PJVGU;
				INFOPLIST_FILE = Desestabilizadores/Info.plist;
				LD_RUNPATH_SEARCH_PATHS = (
					"$(inherited)",
					"@executable_path/Frameworks",
				);
				PRODUCT_BUNDLE_IDENTIFIER = PTL.Desestabilizadores;
				PRODUCT_NAME = "$(TARGET_NAME)";
				SWIFT_VERSION = 5.0;
				TARGETED_DEVICE_FAMILY = "1,2";
			};
			name = Release;
		};
/* End XCBuildConfiguration section */

/* Begin XCConfigurationList section */
		642D58AB22665E2A001E7BDA /* Build configuration list for PBXProject "Desestabilizadores" */ = {
			isa = XCConfigurationList;
			buildConfigurations = (
				642D58C022665E2A001E7BDA /* Debug */,
				642D58C122665E2A001E7BDA /* Release */,
			);
			defaultConfigurationIsVisible = 0;
			defaultConfigurationName = Release;
		};
		642D58C222665E2A001E7BDA /* Build configuration list for PBXNativeTarget "Desestabilizadores" */ = {
			isa = XCConfigurationList;
			buildConfigurations = (
				642D58C322665E2A001E7BDA /* Debug */,
				642D58C422665E2A001E7BDA /* Release */,
			);
			defaultConfigurationIsVisible = 0;
			defaultConfigurationName = Release;
		};
/* End XCConfigurationList section */
	};
	rootObject = 642D58A822665E2A001E7BDA /* Project object */;
}
